<?xml version="1.0" encoding="UTF-8" standalone="yes" ?>
<CodeBlocks_project_file>
	<FileVersion major="1" minor="6" />
	<Project>
		<Option title="DQN" />
		<Option pch_mode="2" />
		<Option compiler="gcc" />
		<Build>
			<Target title="Debug">
				<Option output="bin/Debug/DQN" prefix_auto="1" extension_auto="1" />
				<Option object_output="obj/Debug/" />
				<Option type="1" />
				<Option compiler="gcc" />
				<Compiler>
					<Add option="-g" />
				</Compiler>
			</Target>
			<Target title="Release">
				<Option output="bin/Release/DQN" prefix_auto="1" extension_auto="1" />
				<Option object_output="obj/Release/" />
				<Option type="1" />
				<Option compiler="gcc" />
				<Compiler>
					<Add option="-O2" />
					<Add option="-march=native" />
					<Add option="-Ofast" />
					<Add option="-DNDEBUG" />
				</Compiler>
			</Target>
		</Build>
		<Compiler>
			<Add option="-Wall" />
			<Add option="-std=c++1y" />
			<Add option="-DEIGEN_COUNT_MALLOC" />
			<Add directory="." />
		</Compiler>
		<Linker>
			<Add library="irrlicht" />
		</Linker>
		<Unit filename="config.h" />
		<Unit filename="game_test.cpp" />
		<Unit filename="games/collect.cpp" />
		<Unit filename="games/collect.h" />
		<Unit filename="games/game.h" />
		<Unit filename="games/pong.h" />
		<Unit filename="main.cpp" />
		<Unit filename="net/computation_graph.cpp" />
		<Unit filename="net/computation_node.cpp" />
		<Unit filename="net/computation_node.hpp" />
		<Unit filename="net/fc_layer.cpp" />
		<Unit filename="net/fc_layer.hpp" />
		<Unit filename="net/layer.cpp" />
		<Unit filename="net/layer.hpp" />
		<Unit filename="net/network.cpp" />
		<Unit filename="net/network.hpp" />
		<Unit filename="net/relu_layer.cpp" />
		<Unit filename="net/relu_layer.hpp" />
		<Unit filename="net/rmsprop.cpp" />
		<Unit filename="net/rmsprop.hpp" />
		<Unit filename="net/solver.cpp" />
		<Unit filename="net/solver.hpp" />
		<Unit filename="net/tanh_layer.cpp" />
		<Unit filename="net/tanh_layer.hpp" />
		<Unit filename="pong.cpp">
			<Option link="0" />
		</Unit>
		<Unit filename="qlearner/memory.cpp" />
		<Unit filename="qlearner/memory.hpp" />
		<Unit filename="qlearner/qconfig.cpp" />
		<Unit filename="qlearner/qconfig.hpp" />
		<Unit filename="qlearner/qcore.cpp" />
		<Unit filename="qlearner/qcore.hpp" />
		<Unit filename="qlearner/qlearner.cpp" />
		<Unit filename="qlearner/qlearner.hpp" />
		<Extensions>
			<code_completion />
			<envvars />
			<debugger>
				<remote_debugging>
					<options conn_type="-1" serial_baud="115200" additional_cmds_before="b __exit&#x0A;b __assert&#x0A;b exit" />
				</remote_debugging>
			</debugger>
			<lib_finder disable_auto="1" />
		</Extensions>
	</Project>
</CodeBlocks_project_file>
